PODS:
  - FlexLayout (2.2.0):
    - Yoga (= 3.2.1)
  - Kingfisher (8.3.2)
  - PinLayout (1.10.5)
  - Yoga (3.2.1)

DEPENDENCIES:
  - FlexLayout
  - Kingfisher
  - PinLayout

SPEC REPOS:
  trunk:
    - FlexLayout
    - Kingfisher
    - PinLayout
    - Yoga

SPEC CHECKSUMS:
  FlexLayout: a8947ca2446760b5203ba5a3d862023c92a82fce
  Kingfisher: 0621d0ac0c78fecb19f6dc5303bde2b52abaf2f5
  PinLayout: f6c2b63a5a5b24864064e1d15c67de41b4e74748
  Yoga: 636ce73bd247407928a7df089f3bc3675916b3ff

PODFILE CHECKSUM: 25ae3db355fe8a365e6819d1f1ae9544f0aba41d

COCOAPODS: 1.16.2
